
Microsoft Visual Studio Solution File, Format Version 12.00
# Visual Studio Version 17
VisualStudioVersion = 17.5.002.0
MinimumVisualStudioVersion = 10.0.40219.1
Project("{9A19103F-16F7-4668-BE54-9A1E7A4F7556}") = "TiendaAplicacion", "TiendaAplicacion\TiendaAplicacion.csproj", "{4437F021-FD19-4A07-B727-12CF4F13106C}"
EndProject
Project("{9A19103F-16F7-4668-BE54-9A1E7A4F7556}") = "TiendaAplicacion.Tests", "TiendaAplicacion.Tests\TiendaAplicacion.Tests.csproj", "{3FDA6EC4-7682-4638-89F5-A8378659D68A}"
EndProject
Global
	GlobalSection(SolutionConfigurationPlatforms) = preSolution
		Debug|Any CPU = Debug|Any CPU
		Release|Any CPU = Release|Any CPU
	EndGlobalSection
	GlobalSection(ProjectConfigurationPlatforms) = postSolution
		{4437F021-FD19-4A07-B727-12CF4F13106C}.Debug|Any CPU.ActiveCfg = Debug|Any CPU
		{4437F021-FD19-4A07-B727-12CF4F13106C}.Debug|Any CPU.Build.0 = Debug|Any CPU
		{4437F021-FD19-4A07-B727-12CF4F13106C}.Release|Any CPU.ActiveCfg = Release|Any CPU
		{4437F021-FD19-4A07-B727-12CF4F13106C}.Release|Any CPU.Build.0 = Release|Any CPU
		{3FDA6EC4-7682-4638-89F5-A8378659D68A}.Debug|Any CPU.ActiveCfg = Debug|Any CPU
		{3FDA6EC4-7682-4638-89F5-A8378659D68A}.Debug|Any CPU.Build.0 = Debug|Any CPU
		{3FDA6EC4-7682-4638-89F5-A8378659D68A}.Release|Any CPU.ActiveCfg = Release|Any CPU
		{3FDA6EC4-7682-4638-89F5-A8378659D68A}.Release|Any CPU.Build.0 = Release|Any CPU
	EndGlobalSection
	GlobalSection(SolutionProperties) = preSolution
		HideSolutionNode = FALSE
	EndGlobalSection
	GlobalSection(ExtensibilityGlobals) = postSolution
		SolutionGuid = {82E66CAD-3130-44D8-9053-CD0EC92FC7C8}
	EndGlobalSection
EndGlobal
